
Microsoft Visual Studio Solution File, Format Version 12.00
# Visual Studio 15
VisualStudioVersion = 15.0.26124.0
MinimumVisualStudioVersion = 15.0.26124.0
Project("{2150E333-8FDC-42A3-9474-1A3956D46DE8}") = "src", "src", "{3333C6C9-158E-4EEB-B919-A8B6547D5A25}"
EndProject
Project("{FAE04EC0-301F-11D3-BF4B-00C04F79EFBC}") = "GradeBook", "src\GradeBook\GradeBook.csproj", "{1D624482-ADF3-41E4-94EB-9D08F329C6E8}"
EndProject
Project("{2150E333-8FDC-42A3-9474-1A3956D46DE8}") = "test", "test", "{A7C9CAB8-E172-4D47-B025-D28FA75B014C}"
EndProject
Project("{FAE04EC0-301F-11D3-BF4B-00C04F79EFBC}") = "GradeBook.Tests", "src\test\GradeBook.Tests\GradeBook.Tests.csproj", "{32AEC31E-C433-492E-A025-2C7B12AE96EC}"
EndProject
Global
	GlobalSection(SolutionConfigurationPlatforms) = preSolution
		Debug|Any CPU = Debug|Any CPU
		Debug|x64 = Debug|x64
		Debug|x86 = Debug|x86
		Release|Any CPU = Release|Any CPU
		Release|x64 = Release|x64
		Release|x86 = Release|x86
	EndGlobalSection
	GlobalSection(SolutionProperties) = preSolution
		HideSolutionNode = FALSE
	EndGlobalSection
	GlobalSection(ProjectConfigurationPlatforms) = postSolution
		{1D624482-ADF3-41E4-94EB-9D08F329C6E8}.Debug|Any CPU.ActiveCfg = Debug|Any CPU
		{1D624482-ADF3-41E4-94EB-9D08F329C6E8}.Debug|Any CPU.Build.0 = Debug|Any CPU
		{1D624482-ADF3-41E4-94EB-9D08F329C6E8}.Debug|x64.ActiveCfg = Debug|Any CPU
		{1D624482-ADF3-41E4-94EB-9D08F329C6E8}.Debug|x64.Build.0 = Debug|Any CPU
		{1D624482-ADF3-41E4-94EB-9D08F329C6E8}.Debug|x86.ActiveCfg = Debug|Any CPU
		{1D624482-ADF3-41E4-94EB-9D08F329C6E8}.Debug|x86.Build.0 = Debug|Any CPU
		{1D624482-ADF3-41E4-94EB-9D08F329C6E8}.Release|Any CPU.ActiveCfg = Release|Any CPU
		{1D624482-ADF3-41E4-94EB-9D08F329C6E8}.Release|Any CPU.Build.0 = Release|Any CPU
		{1D624482-ADF3-41E4-94EB-9D08F329C6E8}.Release|x64.ActiveCfg = Release|Any CPU
		{1D624482-ADF3-41E4-94EB-9D08F329C6E8}.Release|x64.Build.0 = Release|Any CPU
		{1D624482-ADF3-41E4-94EB-9D08F329C6E8}.Release|x86.ActiveCfg = Release|Any CPU
		{1D624482-ADF3-41E4-94EB-9D08F329C6E8}.Release|x86.Build.0 = Release|Any CPU
		{32AEC31E-C433-492E-A025-2C7B12AE96EC}.Debug|Any CPU.ActiveCfg = Debug|Any CPU
		{32AEC31E-C433-492E-A025-2C7B12AE96EC}.Debug|Any CPU.Build.0 = Debug|Any CPU
		{32AEC31E-C433-492E-A025-2C7B12AE96EC}.Debug|x64.ActiveCfg = Debug|Any CPU
		{32AEC31E-C433-492E-A025-2C7B12AE96EC}.Debug|x64.Build.0 = Debug|Any CPU
		{32AEC31E-C433-492E-A025-2C7B12AE96EC}.Debug|x86.ActiveCfg = Debug|Any CPU
		{32AEC31E-C433-492E-A025-2C7B12AE96EC}.Debug|x86.Build.0 = Debug|Any CPU
		{32AEC31E-C433-492E-A025-2C7B12AE96EC}.Release|Any CPU.ActiveCfg = Release|Any CPU
		{32AEC31E-C433-492E-A025-2C7B12AE96EC}.Release|Any CPU.Build.0 = Release|Any CPU
		{32AEC31E-C433-492E-A025-2C7B12AE96EC}.Release|x64.ActiveCfg = Release|Any CPU
		{32AEC31E-C433-492E-A025-2C7B12AE96EC}.Release|x64.Build.0 = Release|Any CPU
		{32AEC31E-C433-492E-A025-2C7B12AE96EC}.Release|x86.ActiveCfg = Release|Any CPU
		{32AEC31E-C433-492E-A025-2C7B12AE96EC}.Release|x86.Build.0 = Release|Any CPU
	EndGlobalSection
	GlobalSection(NestedProjects) = preSolution
		{1D624482-ADF3-41E4-94EB-9D08F329C6E8} = {3333C6C9-158E-4EEB-B919-A8B6547D5A25}
		{A7C9CAB8-E172-4D47-B025-D28FA75B014C} = {3333C6C9-158E-4EEB-B919-A8B6547D5A25}
		{32AEC31E-C433-492E-A025-2C7B12AE96EC} = {A7C9CAB8-E172-4D47-B025-D28FA75B014C}
	EndGlobalSection
EndGlobal
